
Microsoft Visual Studio Solution File, Format Version 12.00
# Visual Studio 15
Project("{FAE04EC0-301F-11D3-BF4B-00C04F79EFBC}") = "Assembly-CSharp", "Assembly-CSharp.csproj", "{28432D37-9E53-53C3-31BD-6547702954BE}"
EndProject
Global
	GlobalSection(SolutionConfigurationPlatforms) = preSolution
		Debug|Any CPU = Debug|Any CPU
		Release|Any CPU = Release|Any CPU
	EndGlobalSection
	GlobalSection(ProjectConfigurationPlatforms) = postSolution
		{28432D37-9E53-53C3-31BD-6547702954BE}.Debug|Any CPU.ActiveCfg = Debug|Any CPU
		{28432D37-9E53-53C3-31BD-6547702954BE}.Debug|Any CPU.Build.0 = Debug|Any CPU
		{28432D37-9E53-53C3-31BD-6547702954BE}.Release|Any CPU.ActiveCfg = Release|Any CPU
		{28432D37-9E53-53C3-31BD-6547702954BE}.Release|Any CPU.Build.0 = Release|Any CPU
	EndGlobalSection
	GlobalSection(SolutionProperties) = preSolution
		HideSolutionNode = FALSE
	EndGlobalSection
EndGlobal
